
Microsoft Visual Studio Solution File, Format Version 12.00
# Visual Studio Version 17
VisualStudioVersion = 17.0.32002.185
MinimumVisualStudioVersion = 10.0.40219.1
Project("{FAE04EC0-301F-11D3-BF4B-00C04F79EFBC}") = "ToDoApp", "ToDoApp\ToDoApp.csproj", "{10502957-16F6-41FF-A794-BEE6828EC3AE}"
EndProject
Global
	GlobalSection(SolutionConfigurationPlatforms) = preSolution
		Debug|Any CPU = Debug|Any CPU
		Release|Any CPU = Release|Any CPU
	EndGlobalSection
	GlobalSection(ProjectConfigurationPlatforms) = postSolution
		{10502957-16F6-41FF-A794-BEE6828EC3AE}.Debug|Any CPU.ActiveCfg = Debug|Any CPU
		{10502957-16F6-41FF-A794-BEE6828EC3AE}.Debug|Any CPU.Build.0 = Debug|Any CPU
		{10502957-16F6-41FF-A794-BEE6828EC3AE}.Release|Any CPU.ActiveCfg = Release|Any CPU
		{10502957-16F6-41FF-A794-BEE6828EC3AE}.Release|Any CPU.Build.0 = Release|Any CPU
	EndGlobalSection
	GlobalSection(SolutionProperties) = preSolution
		HideSolutionNode = FALSE
	EndGlobalSection
	GlobalSection(ExtensibilityGlobals) = postSolution
		SolutionGuid = {937B2D43-EE56-45EC-A57B-424C529D8639}
	EndGlobalSection
EndGlobal
